
Microsoft Visual Studio Solution File, Format Version 12.00
# Visual Studio Version 17
VisualStudioVersion = 17.0.32014.148
MinimumVisualStudioVersion = 10.0.40219.1
Project("{9A19103F-16F7-4668-BE54-9A1E7A4F7556}") = "Catharsium.Util", "Catharsium.Util\Catharsium.Util.csproj", "{33625606-6426-401F-B25E-C068928F1EDC}"
EndProject
Project("{FAE04EC0-301F-11D3-BF4B-00C04F79EFBC}") = "Catharsium.Util.Tests", "Catharsium.Util.Tests\Catharsium.Util.Tests.csproj", "{31984470-70E1-4809-A0BE-4235DA6BE922}"
EndProject
Project("{FAE04EC0-301F-11D3-BF4B-00C04F79EFBC}") = "Catharsium.Util.Configuration", "Configuration\Catharsium.Util.Configuration\Catharsium.Util.Configuration.csproj", "{3D1CF130-FF88-421C-A135-7A834C250489}"
EndProject
Project("{2150E333-8FDC-42A3-9474-1A3956D46DE8}") = "Configuration", "Configuration", "{3CC82C19-76C0-4A26-8F38-6024676DE986}"
EndProject
Project("{FAE04EC0-301F-11D3-BF4B-00C04F79EFBC}") = "Catharsium.Util.Configuration.Tests", "Configuration\Catharsium.Util.Configuration.Tests\Catharsium.Util.Configuration.Tests.csproj", "{423636AA-2946-445C-AC16-523878D24520}"
EndProject
Project("{2150E333-8FDC-42A3-9474-1A3956D46DE8}") = "IO", "IO", "{997B9BDA-437F-4A75-81F8-E8967A6EAB1F}"
EndProject
Project("{2150E333-8FDC-42A3-9474-1A3956D46DE8}") = "Web", "Web", "{395A0AC2-3609-45C5-802B-618CDF82EA71}"
EndProject
Project("{2150E333-8FDC-42A3-9474-1A3956D46DE8}") = "Testing", "Testing", "{ECDA0D88-4882-4582-892E-8514B37F3B1B}"
EndProject
Project("{FAE04EC0-301F-11D3-BF4B-00C04F79EFBC}") = "Catharsium.Util.IO.Files.Tests", "IO\Catharsium.Util.IO.Files.Tests\Catharsium.Util.IO.Files.Tests.csproj", "{8B587CFB-93E9-41B5-86F8-C598A54A6F67}"
EndProject
Project("{9A19103F-16F7-4668-BE54-9A1E7A4F7556}") = "Catharsium.Util.IO.Files", "IO\Catharsium.Util.IO.Files\Catharsium.Util.IO.Files.csproj", "{49B0AF81-A146-445B-8308-A4AB44A9E594}"
EndProject
Project("{FAE04EC0-301F-11D3-BF4B-00C04F79EFBC}") = "Catharsium.Util.IO.Console", "IO\Catharsium.Util.IO.Console\Catharsium.Util.IO.Console.csproj", "{2F2EEC70-29AA-4B85-86DF-0FAA7F886B0F}"
EndProject
Project("{FAE04EC0-301F-11D3-BF4B-00C04F79EFBC}") = "Catharsium.Util.IO.Console.Tests", "IO\Catharsium.Util.IO.Console.Tests\Catharsium.Util.IO.Console.Tests.csproj", "{E0632236-BEF6-4515-8D4F-76F02C6D8447}"
EndProject
Project("{FAE04EC0-301F-11D3-BF4B-00C04F79EFBC}") = "Catharsium.Util.Testing", "Testing\Catharsium.Util.Testing\Catharsium.Util.Testing.csproj", "{869BB624-D65A-435C-BF9F-DCEC9416FC7B}"
EndProject
Project("{9A19103F-16F7-4668-BE54-9A1E7A4F7556}") = "Catharsium.Util.Testing.Tests", "Testing\Catharsium.Util.Testing.Tests\Catharsium.Util.Testing.Tests.csproj", "{55B54531-FBAC-48F5-88B7-2232C9FDDA15}"
EndProject
Project("{FAE04EC0-301F-11D3-BF4B-00C04F79EFBC}") = "Catharsium.Util.Testing.DbContext", "Testing\Catharsium.Util.Testing.DbContext\Catharsium.Util.Testing.DbContext.csproj", "{ABA28180-75B0-44A4-855F-54B055563E05}"
EndProject
Project("{FAE04EC0-301F-11D3-BF4B-00C04F79EFBC}") = "Catharsium.Util.Testing.DbContext.Tests", "Testing\Catharsium.Util.Testing.DbContext.Tests\Catharsium.Util.Testing.DbContext.Tests.csproj", "{22005E3E-8FAF-4EA3-97DF-855C1166AE8D}"
EndProject
Project("{FAE04EC0-301F-11D3-BF4B-00C04F79EFBC}") = "Catharsium.Util.Web", "Web\Catharsium.Util.Web\Catharsium.Util.Web.csproj", "{D6DD1CB6-B404-4AED-93BC-A3B7AE8316E4}"
EndProject
Project("{FAE04EC0-301F-11D3-BF4B-00C04F79EFBC}") = "Catharsium.Util.Web.Tests", "Web\Catharsium.Util.Web.Tests\Catharsium.Util.Web.Tests.csproj", "{FE7A6105-957F-485B-B0FC-58091FD07448}"
EndProject
Global
	GlobalSection(SolutionConfigurationPlatforms) = preSolution
		Debug|Any CPU = Debug|Any CPU
		Release|Any CPU = Release|Any CPU
	EndGlobalSection
	GlobalSection(ProjectConfigurationPlatforms) = postSolution
		{33625606-6426-401F-B25E-C068928F1EDC}.Debug|Any CPU.ActiveCfg = Debug|Any CPU
		{33625606-6426-401F-B25E-C068928F1EDC}.Debug|Any CPU.Build.0 = Debug|Any CPU
		{33625606-6426-401F-B25E-C068928F1EDC}.Release|Any CPU.ActiveCfg = Release|Any CPU
		{33625606-6426-401F-B25E-C068928F1EDC}.Release|Any CPU.Build.0 = Release|Any CPU
		{31984470-70E1-4809-A0BE-4235DA6BE922}.Debug|Any CPU.ActiveCfg = Debug|Any CPU
		{31984470-70E1-4809-A0BE-4235DA6BE922}.Debug|Any CPU.Build.0 = Debug|Any CPU
		{31984470-70E1-4809-A0BE-4235DA6BE922}.Release|Any CPU.ActiveCfg = Release|Any CPU
		{31984470-70E1-4809-A0BE-4235DA6BE922}.Release|Any CPU.Build.0 = Release|Any CPU
		{3D1CF130-FF88-421C-A135-7A834C250489}.Debug|Any CPU.ActiveCfg = Debug|Any CPU
		{3D1CF130-FF88-421C-A135-7A834C250489}.Debug|Any CPU.Build.0 = Debug|Any CPU
		{3D1CF130-FF88-421C-A135-7A834C250489}.Release|Any CPU.ActiveCfg = Release|Any CPU
		{3D1CF130-FF88-421C-A135-7A834C250489}.Release|Any CPU.Build.0 = Release|Any CPU
		{423636AA-2946-445C-AC16-523878D24520}.Debug|Any CPU.ActiveCfg = Debug|Any CPU
		{423636AA-2946-445C-AC16-523878D24520}.Debug|Any CPU.Build.0 = Debug|Any CPU
		{423636AA-2946-445C-AC16-523878D24520}.Release|Any CPU.ActiveCfg = Release|Any CPU
		{423636AA-2946-445C-AC16-523878D24520}.Release|Any CPU.Build.0 = Release|Any CPU
		{8B587CFB-93E9-41B5-86F8-C598A54A6F67}.Debug|Any CPU.ActiveCfg = Debug|Any CPU
		{8B587CFB-93E9-41B5-86F8-C598A54A6F67}.Debug|Any CPU.Build.0 = Debug|Any CPU
		{8B587CFB-93E9-41B5-86F8-C598A54A6F67}.Release|Any CPU.ActiveCfg = Release|Any CPU
		{8B587CFB-93E9-41B5-86F8-C598A54A6F67}.Release|Any CPU.Build.0 = Release|Any CPU
		{49B0AF81-A146-445B-8308-A4AB44A9E594}.Debug|Any CPU.ActiveCfg = Debug|Any CPU
		{49B0AF81-A146-445B-8308-A4AB44A9E594}.Debug|Any CPU.Build.0 = Debug|Any CPU
		{49B0AF81-A146-445B-8308-A4AB44A9E594}.Release|Any CPU.ActiveCfg = Release|Any CPU
		{49B0AF81-A146-445B-8308-A4AB44A9E594}.Release|Any CPU.Build.0 = Release|Any CPU
		{2F2EEC70-29AA-4B85-86DF-0FAA7F886B0F}.Debug|Any CPU.ActiveCfg = Debug|Any CPU
		{2F2EEC70-29AA-4B85-86DF-0FAA7F886B0F}.Debug|Any CPU.Build.0 = Debug|Any CPU
		{2F2EEC70-29AA-4B85-86DF-0FAA7F886B0F}.Release|Any CPU.ActiveCfg = Release|Any CPU
		{2F2EEC70-29AA-4B85-86DF-0FAA7F886B0F}.Release|Any CPU.Build.0 = Release|Any CPU
		{E0632236-BEF6-4515-8D4F-76F02C6D8447}.Debug|Any CPU.ActiveCfg = Debug|Any CPU
		{E0632236-BEF6-4515-8D4F-76F02C6D8447}.Debug|Any CPU.Build.0 = Debug|Any CPU
		{E0632236-BEF6-4515-8D4F-76F02C6D8447}.Release|Any CPU.ActiveCfg = Release|Any CPU
		{E0632236-BEF6-4515-8D4F-76F02C6D8447}.Release|Any CPU.Build.0 = Release|Any CPU
		{869BB624-D65A-435C-BF9F-DCEC9416FC7B}.Debug|Any CPU.ActiveCfg = Debug|Any CPU
		{869BB624-D65A-435C-BF9F-DCEC9416FC7B}.Debug|Any CPU.Build.0 = Debug|Any CPU
		{869BB624-D65A-435C-BF9F-DCEC9416FC7B}.Release|Any CPU.ActiveCfg = Release|Any CPU
		{869BB624-D65A-435C-BF9F-DCEC9416FC7B}.Release|Any CPU.Build.0 = Release|Any CPU
		{55B54531-FBAC-48F5-88B7-2232C9FDDA15}.Debug|Any CPU.ActiveCfg = Debug|Any CPU
		{55B54531-FBAC-48F5-88B7-2232C9FDDA15}.Debug|Any CPU.Build.0 = Debug|Any CPU
		{55B54531-FBAC-48F5-88B7-2232C9FDDA15}.Release|Any CPU.ActiveCfg = Release|Any CPU
		{55B54531-FBAC-48F5-88B7-2232C9FDDA15}.Release|Any CPU.Build.0 = Release|Any CPU
		{ABA28180-75B0-44A4-855F-54B055563E05}.Debug|Any CPU.ActiveCfg = Debug|Any CPU
		{ABA28180-75B0-44A4-855F-54B055563E05}.Debug|Any CPU.Build.0 = Debug|Any CPU
		{ABA28180-75B0-44A4-855F-54B055563E05}.Release|Any CPU.ActiveCfg = Release|Any CPU
		{ABA28180-75B0-44A4-855F-54B055563E05}.Release|Any CPU.Build.0 = Release|Any CPU
		{22005E3E-8FAF-4EA3-97DF-855C1166AE8D}.Debug|Any CPU.ActiveCfg = Debug|Any CPU
		{22005E3E-8FAF-4EA3-97DF-855C1166AE8D}.Debug|Any CPU.Build.0 = Debug|Any CPU
		{22005E3E-8FAF-4EA3-97DF-855C1166AE8D}.Release|Any CPU.ActiveCfg = Release|Any CPU
		{22005E3E-8FAF-4EA3-97DF-855C1166AE8D}.Release|Any CPU.Build.0 = Release|Any CPU
		{D6DD1CB6-B404-4AED-93BC-A3B7AE8316E4}.Debug|Any CPU.ActiveCfg = Debug|Any CPU
		{D6DD1CB6-B404-4AED-93BC-A3B7AE8316E4}.Debug|Any CPU.Build.0 = Debug|Any CPU
		{D6DD1CB6-B404-4AED-93BC-A3B7AE8316E4}.Release|Any CPU.ActiveCfg = Release|Any CPU
		{D6DD1CB6-B404-4AED-93BC-A3B7AE8316E4}.Release|Any CPU.Build.0 = Release|Any CPU
		{FE7A6105-957F-485B-B0FC-58091FD07448}.Debug|Any CPU.ActiveCfg = Debug|Any CPU
		{FE7A6105-957F-485B-B0FC-58091FD07448}.Debug|Any CPU.Build.0 = Debug|Any CPU
		{FE7A6105-957F-485B-B0FC-58091FD07448}.Release|Any CPU.ActiveCfg = Release|Any CPU
		{FE7A6105-957F-485B-B0FC-58091FD07448}.Release|Any CPU.Build.0 = Release|Any CPU
	EndGlobalSection
	GlobalSection(SolutionProperties) = preSolution
		HideSolutionNode = FALSE
	EndGlobalSection
	GlobalSection(NestedProjects) = preSolution
		{3D1CF130-FF88-421C-A135-7A834C250489} = {3CC82C19-76C0-4A26-8F38-6024676DE986}
		{423636AA-2946-445C-AC16-523878D24520} = {3CC82C19-76C0-4A26-8F38-6024676DE986}
		{8B587CFB-93E9-41B5-86F8-C598A54A6F67} = {997B9BDA-437F-4A75-81F8-E8967A6EAB1F}
		{49B0AF81-A146-445B-8308-A4AB44A9E594} = {997B9BDA-437F-4A75-81F8-E8967A6EAB1F}
		{2F2EEC70-29AA-4B85-86DF-0FAA7F886B0F} = {997B9BDA-437F-4A75-81F8-E8967A6EAB1F}
		{E0632236-BEF6-4515-8D4F-76F02C6D8447} = {997B9BDA-437F-4A75-81F8-E8967A6EAB1F}
		{869BB624-D65A-435C-BF9F-DCEC9416FC7B} = {ECDA0D88-4882-4582-892E-8514B37F3B1B}
		{55B54531-FBAC-48F5-88B7-2232C9FDDA15} = {ECDA0D88-4882-4582-892E-8514B37F3B1B}
		{ABA28180-75B0-44A4-855F-54B055563E05} = {ECDA0D88-4882-4582-892E-8514B37F3B1B}
		{22005E3E-8FAF-4EA3-97DF-855C1166AE8D} = {ECDA0D88-4882-4582-892E-8514B37F3B1B}
		{D6DD1CB6-B404-4AED-93BC-A3B7AE8316E4} = {395A0AC2-3609-45C5-802B-618CDF82EA71}
		{FE7A6105-957F-485B-B0FC-58091FD07448} = {395A0AC2-3609-45C5-802B-618CDF82EA71}
	EndGlobalSection
	GlobalSection(ExtensibilityGlobals) = postSolution
		SolutionGuid = {9B8C2D28-295B-4048-8348-006D868B030C}
	EndGlobalSection
EndGlobal
